<?xml version="1.0" encoding="utf-8"?>
<Project ToolsVersion="4.0" xmlns="http://schemas.microsoft.com/developer/msbuild/2003">
  <ItemGroup>
    <Filter Include="Source Files">
      <UniqueIdentifier>{4FC737F1-C7A5-4376-A066-2A32D752A2FF}</UniqueIdentifier>
      <Extensions>cpp;c;cc;cxx;def;odl;idl;hpj;bat;asm;asmx</Extensions>
    </Filter>
    <Filter Include="Header Files">
      <UniqueIdentifier>{93995380-89BD-4b04-88EB-625FBE52EBFB}</UniqueIdentifier>
      <Extensions>h;hh;hpp;hxx;hm;inl;inc;xsd</Extensions>
    </Filter>
    <Filter Include="Resource Files">
      <UniqueIdentifier>{67DA6AB6-F800-4c08-8B7A-83BB121AAD01}</UniqueIdentifier>
      <Extensions>rc;ico;cur;bmp;dlg;rc2;rct;bin;rgs;gif;jpg;jpeg;jpe;resx;tiff;tif;png;wav;mfcribbon-ms</Extensions>
    </Filter>
  </ItemGroup>
  <ItemGroup>
    <None Include="AHAS.ino" />
  </ItemGroup>
  <ItemGroup>
    <ClInclude Include="__vm\.AHAS.vsarduino.h">
      <Filter>Header Files</Filter>
    </ClInclude>
    <ClInclude Include="App_Webduino.h">
      <Filter>Header Files</Filter>
    </ClInclude>
    <ClInclude Include="App_Var.h">
      <Filter>Header Files</Filter>
    </ClInclude>
    <ClInclude Include="App_ThingSpeak.h">
      <Filter>Header Files</Filter>
    </ClInclude>
    <ClInclude Include="App_RunTime.h">
      <Filter>Header Files</Filter>
    </ClInclude>
    <ClInclude Include="App_OS.h">
      <Filter>Header Files</Filter>
    </ClInclude>
    <ClInclude Include="App_NTP.h">
      <Filter>Header Files</Filter>
    </ClInclude>
    <ClInclude Include="App_Net.h">
      <Filter>Header Files</Filter>
    </ClInclude>
    <ClInclude Include="App_MS5611.h">
      <Filter>Header Files</Filter>
    </ClInclude>
    <ClInclude Include="App_LCD.h">
      <Filter>Header Files</Filter>
    </ClInclude>
    <ClInclude Include="App_IO.h">
      <Filter>Header Files</Filter>
    </ClInclude>
    <ClInclude Include="App_EEPROM.h">
      <Filter>Header Files</Filter>
    </ClInclude>
    <ClInclude Include="App_DS1302.h">
      <Filter>Header Files</Filter>
    </ClInclude>
    <ClInclude Include="App_DHT11.h">
      <Filter>Header Files</Filter>
    </ClInclude>
    <ClInclude Include="App_BMP085.h">
      <Filter>Header Files</Filter>
    </ClInclude>
    <ClInclude Include="AHAS_Config.h">
      <Filter>Header Files</Filter>
    </ClInclude>
    <ClInclude Include="App_SD.h">
      <Filter>Header Files</Filter>
    </ClInclude>
    <ClInclude Include="App_M590.h">
      <Filter>Header Files</Filter>
    </ClInclude>
    <ClInclude Include="Fifo.h">
      <Filter>Header Files</Filter>
    </ClInclude>
    <ClInclude Include="M590.h">
      <Filter>Header Files</Filter>
    </ClInclude>
    <ClInclude Include="App_MFRC522.h">
      <Filter>Header Files</Filter>
    </ClInclude>
    <ClInclude Include="pitches.h">
      <Filter>Header Files</Filter>
    </ClInclude>
  </ItemGroup>
  <ItemGroup>
    <ClCompile Include="App_Webduino.cpp">
      <Filter>Source Files</Filter>
    </ClCompile>
    <ClCompile Include="App_Var.cpp">
      <Filter>Source Files</Filter>
    </ClCompile>
    <ClCompile Include="App_ThingSpeak.cpp">
      <Filter>Source Files</Filter>
    </ClCompile>
    <ClCompile Include="App_SD.cpp">
      <Filter>Source Files</Filter>
    </ClCompile>
    <ClCompile Include="App_RunTime.cpp">
      <Filter>Source Files</Filter>
    </ClCompile>
    <ClCompile Include="App_OS.cpp">
      <Filter>Source Files</Filter>
    </ClCompile>
    <ClCompile Include="App_NTP.cpp">
      <Filter>Source Files</Filter>
    </ClCompile>
    <ClCompile Include="App_Net.cpp">
      <Filter>Source Files</Filter>
    </ClCompile>
    <ClCompile Include="App_MS5611.cpp">
      <Filter>Source Files</Filter>
    </ClCompile>
    <ClCompile Include="App_LCD.cpp">
      <Filter>Source Files</Filter>
    </ClCompile>
    <ClCompile Include="App_IO.cpp">
      <Filter>Source Files</Filter>
    </ClCompile>
    <ClCompile Include="App_EEPROM.cpp">
      <Filter>Source Files</Filter>
    </ClCompile>
    <ClCompile Include="App_DS1302.cpp">
      <Filter>Source Files</Filter>
    </ClCompile>
    <ClCompile Include="App_DHT11.cpp">
      <Filter>Source Files</Filter>
    </ClCompile>
    <ClCompile Include="App_BMP085.cpp">
      <Filter>Source Files</Filter>
    </ClCompile>
    <ClCompile Include="App_M590.cpp">
      <Filter>Source Files</Filter>
    </ClCompile>
    <ClCompile Include="M590_Api.cpp">
      <Filter>Source Files</Filter>
    </ClCompile>
    <ClCompile Include="M590_Core.cpp">
      <Filter>Source Files</Filter>
    </ClCompile>
    <ClCompile Include="M590_Init.cpp">
      <Filter>Source Files</Filter>
    </ClCompile>
    <ClCompile Include="M590_Util.cpp">
      <Filter>Source Files</Filter>
    </ClCompile>
    <ClCompile Include="App_MFRC522.cpp">
      <Filter>Source Files</Filter>
    </ClCompile>
  </ItemGroup>
</Project>